
Microsoft Visual Studio Solution File, Format Version 12.00
# Visual Studio Version 17
VisualStudioVersion = 17.0.31612.314
MinimumVisualStudioVersion = 10.0.40219.1
Project("{FAE04EC0-301F-11D3-BF4B-00C04F79EFBC}") = "SchoolInfoHub", "SchoolInfoHub.csproj", "{B33A7CB8-202B-49FD-91D3-95FF795CDD4D}"
EndProject
Global
	GlobalSection(SolutionConfigurationPlatforms) = preSolution
		Debug|Any CPU = Debug|Any CPU
		Release|Any CPU = Release|Any CPU
	EndGlobalSection
	GlobalSection(ProjectConfigurationPlatforms) = postSolution
		{B33A7CB8-202B-49FD-91D3-95FF795CDD4D}.Debug|Any CPU.ActiveCfg = Debug|Any CPU
		{B33A7CB8-202B-49FD-91D3-95FF795CDD4D}.Debug|Any CPU.Build.0 = Debug|Any CPU
		{B33A7CB8-202B-49FD-91D3-95FF795CDD4D}.Release|Any CPU.ActiveCfg = Release|Any CPU
		{B33A7CB8-202B-49FD-91D3-95FF795CDD4D}.Release|Any CPU.Build.0 = Release|Any CPU
	EndGlobalSection
	GlobalSection(SolutionProperties) = preSolution
		HideSolutionNode = FALSE
	EndGlobalSection
	GlobalSection(ExtensibilityGlobals) = postSolution
		SolutionGuid = {983B05F9-D250-49F0-9ABB-1CCC721E83D5}
	EndGlobalSection
EndGlobal
